// !$*UTF8*$!
{
	archiveVersion = 1;
	classes = {
	};
	objectVersion = 46;
	objects = {

/* Begin PBXBuildFile section */
		AEA9B79D183FC2760095705D /* Foundation.framework in Frameworks */ = {isa = PBXBuildFile; fileRef = AEA9B79C183FC2760095705D /* Foundation.framework */; };
		AEA9B79F183FC2760095705D /* CoreGraphics.framework in Frameworks */ = {isa = PBXBuildFile; fileRef = AEA9B79E183FC2760095705D /* CoreGraphics.framework */; };
		AEA9B7A1183FC2760095705D /* UIKit.framework in Frameworks */ = {isa = PBXBuildFile; fileRef = AEA9B7A0183FC2760095705D /* UIKit.framework */; };
		AEA9B7A7183FC2760095705D /* InfoPlist.strings in Resources */ = {isa = PBXBuildFile; fileRef = AEA9B7A5183FC2760095705D /* InfoPlist.strings */; };
		AEA9B7A9183FC2760095705D /* main.m in Sources */ = {isa = PBXBuildFile; fileRef = AEA9B7A8183FC2760095705D /* main.m */; };
		AEA9B7AD183FC2760095705D /* AppDelegate.m in Sources */ = {isa = PBXBuildFile; fileRef = AEA9B7AC183FC2760095705D /* AppDelegate.m */; };
		AEA9B7B0183FC2760095705D /* Main_iPhone.storyboard in Resources */ = {isa = PBXBuildFile; fileRef = AEA9B7AE183FC2760095705D /* Main_iPhone.storyboard */; };
		AEA9B7B3183FC2760095705D /* Main_iPad.storyboard in Resources */ = {isa = PBXBuildFile; fileRef = AEA9B7B1183FC2760095705D /* Main_iPad.storyboard */; };
		AEA9B7B6183FC2760095705D /* ViewController.m in Sources */ = {isa = PBXBuildFile; fileRef = AEA9B7B5183FC2760095705D /* ViewController.m */; };
		AEA9B7B8183FC2760095705D /* Images.xcassets in Resources */ = {isa = PBXBuildFile; fileRef = AEA9B7B7183FC2760095705D /* Images.xcassets */; };
		AEA9B7BF183FC2760095705D /* XCTest.framework in Frameworks */ = {isa = PBXBuildFile; fileRef = AEA9B7BE183FC2760095705D /* XCTest.framework */; };
		AEA9B7C0183FC2760095705D /* Foundation.framework in Frameworks */ = {isa = PBXBuildFile; fileRef = AEA9B79C183FC2760095705D /* Foundation.framework */; };
		AEA9B7C1183FC2760095705D /* UIKit.framework in Frameworks */ = {isa = PBXBuildFile; fileRef = AEA9B7A0183FC2760095705D /* UIKit.framework */; };
		AEA9B7C9183FC2760095705D /* InfoPlist.strings in Resources */ = {isa = PBXBuildFile; fileRef = AEA9B7C7183FC2760095705D /* InfoPlist.strings */; };
		AEA9B7CB183FC2760095705D /* CedarNavControllerBugTests.m in Sources */ = {isa = PBXBuildFile; fileRef = AEA9B7CA183FC2760095705D /* CedarNavControllerBugTests.m */; };
		AEA9B7F8183FC3530095705D /* UIKit.framework in Frameworks */ = {isa = PBXBuildFile; fileRef = AEA9B7A0183FC2760095705D /* UIKit.framework */; };
		AEA9B7F9183FC3530095705D /* Foundation.framework in Frameworks */ = {isa = PBXBuildFile; fileRef = AEA9B79C183FC2760095705D /* Foundation.framework */; };
		AEA9B7FA183FC3530095705D /* CoreGraphics.framework in Frameworks */ = {isa = PBXBuildFile; fileRef = AEA9B79E183FC2760095705D /* CoreGraphics.framework */; };
		AEA9B800183FC3530095705D /* InfoPlist.strings in Resources */ = {isa = PBXBuildFile; fileRef = AEA9B7FE183FC3530095705D /* InfoPlist.strings */; };
		AEA9B802183FC3530095705D /* main.m in Sources */ = {isa = PBXBuildFile; fileRef = AEA9B801183FC3530095705D /* main.m */; };
		AEA9B806183FC3530095705D /* Cedar-iOS.framework in Frameworks */ = {isa = PBXBuildFile; fileRef = AEA9B805183FC3530095705D /* Cedar-iOS.framework */; };
		AEA9B808183FC3530095705D /* BugSpec.mm in Sources */ = {isa = PBXBuildFile; fileRef = AEA9B807183FC3530095705D /* BugSpec.mm */; settings = {COMPILER_FLAGS = "-fno-objc-arc"; }; };
		AEA9B826183FC60A0095705D /* IIViewDeckController.m in Sources */ = {isa = PBXBuildFile; fileRef = AEA9B825183FC60A0095705D /* IIViewDeckController.m */; };
		AEA9B827183FC60A0095705D /* IIViewDeckController.m in Sources */ = {isa = PBXBuildFile; fileRef = AEA9B825183FC60A0095705D /* IIViewDeckController.m */; };
/* End PBXBuildFile section */

/* Begin PBXContainerItemProxy section */
		AEA9B7C2183FC2760095705D /* PBXContainerItemProxy */ = {
			isa = PBXContainerItemProxy;
			containerPortal = AEA9B791183FC2760095705D /* Project object */;
			proxyType = 1;
			remoteGlobalIDString = AEA9B798183FC2760095705D;
			remoteInfo = CedarNavControllerBug;
		};
		AEA9B7E1183FC3380095705D /* PBXContainerItemProxy */ = {
			isa = PBXContainerItemProxy;
			containerPortal = AEA9B7D4183FC3380095705D /* Cedar.xcodeproj */;
			proxyType = 2;
			remoteGlobalIDString = AEEE1FB611DC271300029872;
			remoteInfo = Cedar;
		};
		AEA9B7E3183FC3380095705D /* PBXContainerItemProxy */ = {
			isa = PBXContainerItemProxy;
			containerPortal = AEA9B7D4183FC3380095705D /* Cedar.xcodeproj */;
			proxyType = 2;
			remoteGlobalIDString = AEEE218611DC28E200029872;
			remoteInfo = Specs;
		};
		AEA9B7E5183FC3380095705D /* PBXContainerItemProxy */ = {
			isa = PBXContainerItemProxy;
			containerPortal = AEA9B7D4183FC3380095705D /* Cedar.xcodeproj */;
			proxyType = 2;
			remoteGlobalIDString = 96A07F0813F276640021974D;
			remoteInfo = FocusedSpecs;
		};
		AEA9B7E7183FC3380095705D /* PBXContainerItemProxy */ = {
			isa = PBXContainerItemProxy;
			containerPortal = AEA9B7D4183FC3380095705D /* Cedar.xcodeproj */;
			proxyType = 2;
			remoteGlobalIDString = AEEE222911DC2B0600029872;
			remoteInfo = "Cedar-StaticLib";
		};
		AEA9B7E9183FC3380095705D /* PBXContainerItemProxy */ = {
			isa = PBXContainerItemProxy;
			containerPortal = AEA9B7D4183FC3380095705D /* Cedar.xcodeproj */;
			proxyType = 2;
			remoteGlobalIDString = AEEE227611DC2CF900029872;
			remoteInfo = iOSSpecs;
		};
		AEA9B7EB183FC3380095705D /* PBXContainerItemProxy */ = {
			isa = PBXContainerItemProxy;
			containerPortal = AEA9B7D4183FC3380095705D /* Cedar.xcodeproj */;
			proxyType = 2;
			remoteGlobalIDString = 96B5F9F6144A81A7000A6A5D;
			remoteInfo = OCUnitApp;
		};
		AEA9B7ED183FC3380095705D /* PBXContainerItemProxy */ = {
			isa = PBXContainerItemProxy;
			containerPortal = AEA9B7D4183FC3380095705D /* Cedar.xcodeproj */;
			proxyType = 2;
			remoteGlobalIDString = 96B5FA11144A81A8000A6A5D;
			remoteInfo = OCUnitAppTests;
		};
		AEA9B7EF183FC3380095705D /* PBXContainerItemProxy */ = {
			isa = PBXContainerItemProxy;
			containerPortal = AEA9B7D4183FC3380095705D /* Cedar.xcodeproj */;
			proxyType = 2;
			remoteGlobalIDString = 1F45A3DD180E4796003C1E36;
			remoteInfo = XCUnitAppTests;
		};
		AEA9B7F1183FC3380095705D /* PBXContainerItemProxy */ = {
			isa = PBXContainerItemProxy;
			containerPortal = AEA9B7D4183FC3380095705D /* Cedar.xcodeproj */;
			proxyType = 2;
			remoteGlobalIDString = 96158A86144A915E005895CE;
			remoteInfo = OCUnitAppLogicTests;
		};
/* End PBXContainerItemProxy section */

/* Begin PBXFileReference section */
		AEA9B799183FC2760095705D /* CedarNavControllerBug.app */ = {isa = PBXFileReference; explicitFileType = wrapper.application; includeInIndex = 0; path = CedarNavControllerBug.app; sourceTree = BUILT_PRODUCTS_DIR; };
		AEA9B79C183FC2760095705D /* Foundation.framework */ = {isa = PBXFileReference; lastKnownFileType = wrapper.framework; name = Foundation.framework; path = System/Library/Frameworks/Foundation.framework; sourceTree = SDKROOT; };
		AEA9B79E183FC2760095705D /* CoreGraphics.framework */ = {isa = PBXFileReference; lastKnownFileType = wrapper.framework; name = CoreGraphics.framework; path = System/Library/Frameworks/CoreGraphics.framework; sourceTree = SDKROOT; };
		AEA9B7A0183FC2760095705D /* UIKit.framework */ = {isa = PBXFileReference; lastKnownFileType = wrapper.framework; name = UIKit.framework; path = System/Library/Frameworks/UIKit.framework; sourceTree = SDKROOT; };
		AEA9B7A4183FC2760095705D /* CedarNavControllerBug-Info.plist */ = {isa = PBXFileReference; lastKnownFileType = text.plist.xml; path = "CedarNavControllerBug-Info.plist"; sourceTree = "<group>"; };
		AEA9B7A6183FC2760095705D /* en */ = {isa = PBXFileReference; lastKnownFileType = text.plist.strings; name = en; path = en.lproj/InfoPlist.strings; sourceTree = "<group>"; };
		AEA9B7A8183FC2760095705D /* main.m */ = {isa = PBXFileReference; lastKnownFileType = sourcecode.c.objc; path = main.m; sourceTree = "<group>"; };
		AEA9B7AA183FC2760095705D /* CedarNavControllerBug-Prefix.pch */ = {isa = PBXFileReference; lastKnownFileType = sourcecode.c.h; path = "CedarNavControllerBug-Prefix.pch"; sourceTree = "<group>"; };
		AEA9B7AB183FC2760095705D /* AppDelegate.h */ = {isa = PBXFileReference; lastKnownFileType = sourcecode.c.h; path = AppDelegate.h; sourceTree = "<group>"; };
		AEA9B7AC183FC2760095705D /* AppDelegate.m */ = {isa = PBXFileReference; lastKnownFileType = sourcecode.c.objc; path = AppDelegate.m; sourceTree = "<group>"; };
		AEA9B7AF183FC2760095705D /* Base */ = {isa = PBXFileReference; lastKnownFileType = file.storyboard; name = Base; path = Base.lproj/Main_iPhone.storyboard; sourceTree = "<group>"; };
		AEA9B7B2183FC2760095705D /* Base */ = {isa = PBXFileReference; lastKnownFileType = file.storyboard; name = Base; path = Base.lproj/Main_iPad.storyboard; sourceTree = "<group>"; };
		AEA9B7B4183FC2760095705D /* ViewController.h */ = {isa = PBXFileReference; lastKnownFileType = sourcecode.c.h; path = ViewController.h; sourceTree = "<group>"; };
		AEA9B7B5183FC2760095705D /* ViewController.m */ = {isa = PBXFileReference; lastKnownFileType = sourcecode.c.objc; path = ViewController.m; sourceTree = "<group>"; };
		AEA9B7B7183FC2760095705D /* Images.xcassets */ = {isa = PBXFileReference; lastKnownFileType = folder.assetcatalog; path = Images.xcassets; sourceTree = "<group>"; };
		AEA9B7BD183FC2760095705D /* CedarNavControllerBugTests.xctest */ = {isa = PBXFileReference; explicitFileType = wrapper.cfbundle; includeInIndex = 0; path = CedarNavControllerBugTests.xctest; sourceTree = BUILT_PRODUCTS_DIR; };
		AEA9B7BE183FC2760095705D /* XCTest.framework */ = {isa = PBXFileReference; lastKnownFileType = wrapper.framework; name = XCTest.framework; path = Library/Frameworks/XCTest.framework; sourceTree = DEVELOPER_DIR; };
		AEA9B7C6183FC2760095705D /* CedarNavControllerBugTests-Info.plist */ = {isa = PBXFileReference; lastKnownFileType = text.plist.xml; path = "CedarNavControllerBugTests-Info.plist"; sourceTree = "<group>"; };
		AEA9B7C8183FC2760095705D /* en */ = {isa = PBXFileReference; lastKnownFileType = text.plist.strings; name = en; path = en.lproj/InfoPlist.strings; sourceTree = "<group>"; };
		AEA9B7CA183FC2760095705D /* CedarNavControllerBugTests.m */ = {isa = PBXFileReference; lastKnownFileType = sourcecode.c.objc; path = CedarNavControllerBugTests.m; sourceTree = "<group>"; };
		AEA9B7D4183FC3380095705D /* Cedar.xcodeproj */ = {isa = PBXFileReference; lastKnownFileType = "wrapper.pb-project"; name = Cedar.xcodeproj; path = cedar/Cedar.xcodeproj; sourceTree = SOURCE_ROOT; };
		AEA9B7F7183FC3530095705D /* Specs.app */ = {isa = PBXFileReference; explicitFileType = wrapper.application; includeInIndex = 0; path = Specs.app; sourceTree = BUILT_PRODUCTS_DIR; };
		AEA9B7FD183FC3530095705D /* Specs-Info.plist */ = {isa = PBXFileReference; lastKnownFileType = text.plist.xml; path = "Specs-Info.plist"; sourceTree = "<group>"; };
		AEA9B7FF183FC3530095705D /* en */ = {isa = PBXFileReference; lastKnownFileType = text.plist.strings; name = en; path = en.lproj/InfoPlist.strings; sourceTree = "<group>"; };
		AEA9B801183FC3530095705D /* main.m */ = {isa = PBXFileReference; lastKnownFileType = sourcecode.c.objc; path = main.m; sourceTree = "<group>"; };
		AEA9B803183FC3530095705D /* Specs-Prefix.pch */ = {isa = PBXFileReference; lastKnownFileType = sourcecode.c.h; path = "Specs-Prefix.pch"; sourceTree = "<group>"; };
		AEA9B804183FC3530095705D /* Rakefile */ = {isa = PBXFileReference; lastKnownFileType = text; path = Rakefile; sourceTree = "<group>"; };
		AEA9B805183FC3530095705D /* Cedar-iOS.framework */ = {isa = PBXFileReference; lastKnownFileType = wrapper.framework; name = "Cedar-iOS.framework"; path = "Frameworks/Cedar-iOS.framework"; sourceTree = "<group>"; };
		AEA9B807183FC3530095705D /* BugSpec.mm */ = {isa = PBXFileReference; lastKnownFileType = sourcecode.cpp.objcpp; path = BugSpec.mm; sourceTree = "<group>"; };
		AEA9B824183FC60A0095705D /* IIViewDeckController.h */ = {isa = PBXFileReference; fileEncoding = 4; lastKnownFileType = sourcecode.c.h; name = IIViewDeckController.h; path = viewdeck/ViewDeck/IIViewDeckController.h; sourceTree = SOURCE_ROOT; };
		AEA9B825183FC60A0095705D /* IIViewDeckController.m */ = {isa = PBXFileReference; fileEncoding = 4; lastKnownFileType = sourcecode.c.objc; name = IIViewDeckController.m; path = viewdeck/ViewDeck/IIViewDeckController.m; sourceTree = SOURCE_ROOT; };
/* End PBXFileReference section */

/* Begin PBXFrameworksBuildPhase section */
		AEA9B796183FC2760095705D /* Frameworks */ = {
			isa = PBXFrameworksBuildPhase;
			buildActionMask = 2147483647;
			files = (
				AEA9B79F183FC2760095705D /* CoreGraphics.framework in Frameworks */,
				AEA9B7A1183FC2760095705D /* UIKit.framework in Frameworks */,
				AEA9B79D183FC2760095705D /* Foundation.framework in Frameworks */,
			);
			runOnlyForDeploymentPostprocessing = 0;
		};
		AEA9B7BA183FC2760095705D /* Frameworks */ = {
			isa = PBXFrameworksBuildPhase;
			buildActionMask = 2147483647;
			files = (
				AEA9B7BF183FC2760095705D /* XCTest.framework in Frameworks */,
				AEA9B7C1183FC2760095705D /* UIKit.framework in Frameworks */,
				AEA9B7C0183FC2760095705D /* Foundation.framework in Frameworks */,
			);
			runOnlyForDeploymentPostprocessing = 0;
		};
		AEA9B7F4183FC3530095705D /* Frameworks */ = {
			isa = PBXFrameworksBuildPhase;
			buildActionMask = 2147483647;
			files = (
				AEA9B7FA183FC3530095705D /* CoreGraphics.framework in Frameworks */,
				AEA9B7F8183FC3530095705D /* UIKit.framework in Frameworks */,
				AEA9B806183FC3530095705D /* Cedar-iOS.framework in Frameworks */,
				AEA9B7F9183FC3530095705D /* Foundation.framework in Frameworks */,
			);
			runOnlyForDeploymentPostprocessing = 0;
		};
/* End PBXFrameworksBuildPhase section */

/* Begin PBXGroup section */
		AEA9B790183FC2760095705D = {
			isa = PBXGroup;
			children = (
				AEA9B7A2183FC2760095705D /* CedarNavControllerBug */,
				AEA9B7C4183FC2760095705D /* CedarNavControllerBugTests */,
				AEA9B7FB183FC3530095705D /* Specs */,
				AEA9B79B183FC2760095705D /* Frameworks */,
				AEA9B79A183FC2760095705D /* Products */,
			);
			sourceTree = "<group>";
		};
		AEA9B79A183FC2760095705D /* Products */ = {
			isa = PBXGroup;
			children = (
				AEA9B799183FC2760095705D /* CedarNavControllerBug.app */,
				AEA9B7BD183FC2760095705D /* CedarNavControllerBugTests.xctest */,
				AEA9B7F7183FC3530095705D /* Specs.app */,
			);
			name = Products;
			sourceTree = "<group>";
		};
		AEA9B79B183FC2760095705D /* Frameworks */ = {
			isa = PBXGroup;
			children = (
				AEA9B79C183FC2760095705D /* Foundation.framework */,
				AEA9B79E183FC2760095705D /* CoreGraphics.framework */,
				AEA9B7A0183FC2760095705D /* UIKit.framework */,
				AEA9B7BE183FC2760095705D /* XCTest.framework */,
			);
			name = Frameworks;
			sourceTree = "<group>";
		};
		AEA9B7A2183FC2760095705D /* CedarNavControllerBug */ = {
			isa = PBXGroup;
			children = (
				AEA9B824183FC60A0095705D /* IIViewDeckController.h */,
				AEA9B825183FC60A0095705D /* IIViewDeckController.m */,
				AEA9B7AB183FC2760095705D /* AppDelegate.h */,
				AEA9B7AC183FC2760095705D /* AppDelegate.m */,
				AEA9B7AE183FC2760095705D /* Main_iPhone.storyboard */,
				AEA9B7B1183FC2760095705D /* Main_iPad.storyboard */,
				AEA9B7B4183FC2760095705D /* ViewController.h */,
				AEA9B7B5183FC2760095705D /* ViewController.m */,
				AEA9B7B7183FC2760095705D /* Images.xcassets */,
				AEA9B7A3183FC2760095705D /* Supporting Files */,
			);
			path = CedarNavControllerBug;
			sourceTree = "<group>";
		};
		AEA9B7A3183FC2760095705D /* Supporting Files */ = {
			isa = PBXGroup;
			children = (
				AEA9B7A4183FC2760095705D /* CedarNavControllerBug-Info.plist */,
				AEA9B7A5183FC2760095705D /* InfoPlist.strings */,
				AEA9B7A8183FC2760095705D /* main.m */,
				AEA9B7AA183FC2760095705D /* CedarNavControllerBug-Prefix.pch */,
			);
			name = "Supporting Files";
			sourceTree = "<group>";
		};
		AEA9B7C4183FC2760095705D /* CedarNavControllerBugTests */ = {
			isa = PBXGroup;
			children = (
				AEA9B7D4183FC3380095705D /* Cedar.xcodeproj */,
				AEA9B7CA183FC2760095705D /* CedarNavControllerBugTests.m */,
				AEA9B7C5183FC2760095705D /* Supporting Files */,
			);
			path = CedarNavControllerBugTests;
			sourceTree = "<group>";
		};
		AEA9B7C5183FC2760095705D /* Supporting Files */ = {
			isa = PBXGroup;
			children = (
				AEA9B7C6183FC2760095705D /* CedarNavControllerBugTests-Info.plist */,
				AEA9B7C7183FC2760095705D /* InfoPlist.strings */,
			);
			name = "Supporting Files";
			sourceTree = "<group>";
		};
		AEA9B7D5183FC3380095705D /* Products */ = {
			isa = PBXGroup;
			children = (
				AEA9B7E2183FC3380095705D /* Cedar.framework */,
				AEA9B7E4183FC3380095705D /* Specs */,
				AEA9B7E6183FC3380095705D /* FocusedSpecs */,
				AEA9B7E8183FC3380095705D /* libCedar-StaticLib.a */,
				AEA9B7EA183FC3380095705D /* iOSSpecs.app */,
				AEA9B7EC183FC3380095705D /* OCUnitApp.app */,
				AEA9B7EE183FC3380095705D /* OCUnitAppTests.octest */,
				AEA9B7F0183FC3380095705D /* XCUnitAppTests.xctest */,
				AEA9B7F2183FC3380095705D /* OCUnitAppLogicTests.octest */,
			);
			name = Products;
			sourceTree = "<group>";
		};
		AEA9B7FB183FC3530095705D /* Specs */ = {
			isa = PBXGroup;
			children = (
				AEA9B804183FC3530095705D /* Rakefile */,
				AEA9B805183FC3530095705D /* Cedar-iOS.framework */,
				AEA9B807183FC3530095705D /* BugSpec.mm */,
				AEA9B7FC183FC3530095705D /* Supporting Files */,
			);
			path = Specs;
			sourceTree = "<group>";
		};
		AEA9B7FC183FC3530095705D /* Supporting Files */ = {
			isa = PBXGroup;
			children = (
				AEA9B7FD183FC3530095705D /* Specs-Info.plist */,
				AEA9B7FE183FC3530095705D /* InfoPlist.strings */,
				AEA9B801183FC3530095705D /* main.m */,
				AEA9B803183FC3530095705D /* Specs-Prefix.pch */,
			);
			name = "Supporting Files";
			sourceTree = "<group>";
		};
/* End PBXGroup section */

/* Begin PBXNativeTarget section */
		AEA9B798183FC2760095705D /* CedarNavControllerBug */ = {
			isa = PBXNativeTarget;
			buildConfigurationList = AEA9B7CE183FC2760095705D /* Build configuration list for PBXNativeTarget "CedarNavControllerBug" */;
			buildPhases = (
				AEA9B795183FC2760095705D /* Sources */,
				AEA9B796183FC2760095705D /* Frameworks */,
				AEA9B797183FC2760095705D /* Resources */,
			);
			buildRules = (
			);
			dependencies = (
			);
			name = CedarNavControllerBug;
			productName = CedarNavControllerBug;
			productReference = AEA9B799183FC2760095705D /* CedarNavControllerBug.app */;
			productType = "com.apple.product-type.application";
		};
		AEA9B7BC183FC2760095705D /* CedarNavControllerBugTests */ = {
			isa = PBXNativeTarget;
			buildConfigurationList = AEA9B7D1183FC2760095705D /* Build configuration list for PBXNativeTarget "CedarNavControllerBugTests" */;
			buildPhases = (
				AEA9B7B9183FC2760095705D /* Sources */,
				AEA9B7BA183FC2760095705D /* Frameworks */,
				AEA9B7BB183FC2760095705D /* Resources */,
			);
			buildRules = (
			);
			dependencies = (
				AEA9B7C3183FC2760095705D /* PBXTargetDependency */,
			);
			name = CedarNavControllerBugTests;
			productName = CedarNavControllerBugTests;
			productReference = AEA9B7BD183FC2760095705D /* CedarNavControllerBugTests.xctest */;
			productType = "com.apple.product-type.bundle.unit-test";
		};
		AEA9B7F6183FC3530095705D /* Specs */ = {
			isa = PBXNativeTarget;
			buildConfigurationList = AEA9B809183FC3530095705D /* Build configuration list for PBXNativeTarget "Specs" */;
			buildPhases = (
				AEA9B7F3183FC3530095705D /* Sources */,
				AEA9B7F4183FC3530095705D /* Frameworks */,
				AEA9B7F5183FC3530095705D /* Resources */,
			);
			buildRules = (
			);
			dependencies = (
			);
			name = Specs;
			productName = Specs;
			productReference = AEA9B7F7183FC3530095705D /* Specs.app */;
			productType = "com.apple.product-type.application";
		};
/* End PBXNativeTarget section */

/* Begin PBXProject section */
		AEA9B791183FC2760095705D /* Project object */ = {
			isa = PBXProject;
			attributes = {
				LastUpgradeCheck = 0500;
				ORGANIZATIONNAME = pivotal;
				TargetAttributes = {
					AEA9B7BC183FC2760095705D = {
						TestTargetID = AEA9B798183FC2760095705D;
					};
				};
			};
			buildConfigurationList = AEA9B794183FC2760095705D /* Build configuration list for PBXProject "CedarNavControllerBug" */;
			compatibilityVersion = "Xcode 3.2";
			developmentRegion = English;
			hasScannedForEncodings = 0;
			knownRegions = (
				en,
				Base,
			);
			mainGroup = AEA9B790183FC2760095705D;
			productRefGroup = AEA9B79A183FC2760095705D /* Products */;
			projectDirPath = "";
			projectReferences = (
				{
					ProductGroup = AEA9B7D5183FC3380095705D /* Products */;
					ProjectRef = AEA9B7D4183FC3380095705D /* Cedar.xcodeproj */;
				},
			);
			projectRoot = "";
			targets = (
				AEA9B798183FC2760095705D /* CedarNavControllerBug */,
				AEA9B7BC183FC2760095705D /* CedarNavControllerBugTests */,
				AEA9B7F6183FC3530095705D /* Specs */,
			);
		};
/* End PBXProject section */

/* Begin PBXReferenceProxy section */
		AEA9B7E2183FC3380095705D /* Cedar.framework */ = {
			isa = PBXReferenceProxy;
			fileType = wrapper.framework;
			path = Cedar.framework;
			remoteRef = AEA9B7E1183FC3380095705D /* PBXContainerItemProxy */;
			sourceTree = BUILT_PRODUCTS_DIR;
		};
		AEA9B7E4183FC3380095705D /* Specs */ = {
			isa = PBXReferenceProxy;
			fileType = "compiled.mach-o.executable";
			path = Specs;
			remoteRef = AEA9B7E3183FC3380095705D /* PBXContainerItemProxy */;
			sourceTree = BUILT_PRODUCTS_DIR;
		};
		AEA9B7E6183FC3380095705D /* FocusedSpecs */ = {
			isa = PBXReferenceProxy;
			fileType = "compiled.mach-o.executable";
			path = FocusedSpecs;
			remoteRef = AEA9B7E5183FC3380095705D /* PBXContainerItemProxy */;
			sourceTree = BUILT_PRODUCTS_DIR;
		};
		AEA9B7E8183FC3380095705D /* libCedar-StaticLib.a */ = {
			isa = PBXReferenceProxy;
			fileType = archive.ar;
			path = "libCedar-StaticLib.a";
			remoteRef = AEA9B7E7183FC3380095705D /* PBXContainerItemProxy */;
			sourceTree = BUILT_PRODUCTS_DIR;
		};
		AEA9B7EA183FC3380095705D /* iOSSpecs.app */ = {
			isa = PBXReferenceProxy;
			fileType = wrapper.application;
			path = iOSSpecs.app;
			remoteRef = AEA9B7E9183FC3380095705D /* PBXContainerItemProxy */;
			sourceTree = BUILT_PRODUCTS_DIR;
		};
		AEA9B7EC183FC3380095705D /* OCUnitApp.app */ = {
			isa = PBXReferenceProxy;
			fileType = wrapper.application;
			path = OCUnitApp.app;
			remoteRef = AEA9B7EB183FC3380095705D /* PBXContainerItemProxy */;
			sourceTree = BUILT_PRODUCTS_DIR;
		};
		AEA9B7EE183FC3380095705D /* OCUnitAppTests.octest */ = {
			isa = PBXReferenceProxy;
			fileType = wrapper.cfbundle;
			path = OCUnitAppTests.octest;
			remoteRef = AEA9B7ED183FC3380095705D /* PBXContainerItemProxy */;
			sourceTree = BUILT_PRODUCTS_DIR;
		};
		AEA9B7F0183FC3380095705D /* XCUnitAppTests.xctest */ = {
			isa = PBXReferenceProxy;
			fileType = wrapper.cfbundle;
			path = XCUnitAppTests.xctest;
			remoteRef = AEA9B7EF183FC3380095705D /* PBXContainerItemProxy */;
			sourceTree = BUILT_PRODUCTS_DIR;
		};
		AEA9B7F2183FC3380095705D /* OCUnitAppLogicTests.octest */ = {
			isa = PBXReferenceProxy;
			fileType = wrapper.cfbundle;
			path = OCUnitAppLogicTests.octest;
			remoteRef = AEA9B7F1183FC3380095705D /* PBXContainerItemProxy */;
			sourceTree = BUILT_PRODUCTS_DIR;
		};
/* End PBXReferenceProxy section */

/* Begin PBXResourcesBuildPhase section */
		AEA9B797183FC2760095705D /* Resources */ = {
			isa = PBXResourcesBuildPhase;
			buildActionMask = 2147483647;
			files = (
				AEA9B7B3183FC2760095705D /* Main_iPad.storyboard in Resources */,
				AEA9B7B8183FC2760095705D /* Images.xcassets in Resources */,
				AEA9B7B0183FC2760095705D /* Main_iPhone.storyboard in Resources */,
				AEA9B7A7183FC2760095705D /* InfoPlist.strings in Resources */,
			);
			runOnlyForDeploymentPostprocessing = 0;
		};
		AEA9B7BB183FC2760095705D /* Resources */ = {
			isa = PBXResourcesBuildPhase;
			buildActionMask = 2147483647;
			files = (
				AEA9B7C9183FC2760095705D /* InfoPlist.strings in Resources */,
			);
			runOnlyForDeploymentPostprocessing = 0;
		};
		AEA9B7F5183FC3530095705D /* Resources */ = {
			isa = PBXResourcesBuildPhase;
			buildActionMask = 2147483647;
			files = (
				AEA9B800183FC3530095705D /* InfoPlist.strings in Resources */,
			);
			runOnlyForDeploymentPostprocessing = 0;
		};
/* End PBXResourcesBuildPhase section */

/* Begin PBXSourcesBuildPhase section */
		AEA9B795183FC2760095705D /* Sources */ = {
			isa = PBXSourcesBuildPhase;
			buildActionMask = 2147483647;
			files = (
				AEA9B7B6183FC2760095705D /* ViewController.m in Sources */,
				AEA9B826183FC60A0095705D /* IIViewDeckController.m in Sources */,
				AEA9B7AD183FC2760095705D /* AppDelegate.m in Sources */,
				AEA9B7A9183FC2760095705D /* main.m in Sources */,
			);
			runOnlyForDeploymentPostprocessing = 0;
		};
		AEA9B7B9183FC2760095705D /* Sources */ = {
			isa = PBXSourcesBuildPhase;
			buildActionMask = 2147483647;
			files = (
				AEA9B7CB183FC2760095705D /* CedarNavControllerBugTests.m in Sources */,
			);
			runOnlyForDeploymentPostprocessing = 0;
		};
		AEA9B7F3183FC3530095705D /* Sources */ = {
			isa = PBXSourcesBuildPhase;
			buildActionMask = 2147483647;
			files = (
				AEA9B802183FC3530095705D /* main.m in Sources */,
				AEA9B808183FC3530095705D /* BugSpec.mm in Sources */,
				AEA9B827183FC60A0095705D /* IIViewDeckController.m in Sources */,
			);
			runOnlyForDeploymentPostprocessing = 0;
		};
/* End PBXSourcesBuildPhase section */

/* Begin PBXTargetDependency section */
		AEA9B7C3183FC2760095705D /* PBXTargetDependency */ = {
			isa = PBXTargetDependency;
			target = AEA9B798183FC2760095705D /* CedarNavControllerBug */;
			targetProxy = AEA9B7C2183FC2760095705D /* PBXContainerItemProxy */;
		};
/* End PBXTargetDependency section */

/* Begin PBXVariantGroup section */
		AEA9B7A5183FC2760095705D /* InfoPlist.strings */ = {
			isa = PBXVariantGroup;
			children = (
				AEA9B7A6183FC2760095705D /* en */,
			);
			name = InfoPlist.strings;
			sourceTree = "<group>";
		};
		AEA9B7AE183FC2760095705D /* Main_iPhone.storyboard */ = {
			isa = PBXVariantGroup;
			children = (
				AEA9B7AF183FC2760095705D /* Base */,
			);
			name = Main_iPhone.storyboard;
			sourceTree = "<group>";
		};
		AEA9B7B1183FC2760095705D /* Main_iPad.storyboard */ = {
			isa = PBXVariantGroup;
			children = (
				AEA9B7B2183FC2760095705D /* Base */,
			);
			name = Main_iPad.storyboard;
			sourceTree = "<group>";
		};
		AEA9B7C7183FC2760095705D /* InfoPlist.strings */ = {
			isa = PBXVariantGroup;
			children = (
				AEA9B7C8183FC2760095705D /* en */,
			);
			name = InfoPlist.strings;
			sourceTree = "<group>";
		};
		AEA9B7FE183FC3530095705D /* InfoPlist.strings */ = {
			isa = PBXVariantGroup;
			children = (
				AEA9B7FF183FC3530095705D /* en */,
			);
			name = InfoPlist.strings;
			sourceTree = "<group>";
		};
/* End PBXVariantGroup section */

/* Begin XCBuildConfiguration section */
		AEA9B7CC183FC2760095705D /* Debug */ = {
			isa = XCBuildConfiguration;
			buildSettings = {
				ALWAYS_SEARCH_USER_PATHS = NO;
				ARCHS = "$(ARCHS_STANDARD_INCLUDING_64_BIT)";
				CLANG_CXX_LANGUAGE_STANDARD = "gnu++0x";
				CLANG_CXX_LIBRARY = "libc++";
				CLANG_ENABLE_MODULES = YES;
				CLANG_ENABLE_OBJC_ARC = YES;
				CLANG_WARN_BOOL_CONVERSION = YES;
				CLANG_WARN_CONSTANT_CONVERSION = YES;
				CLANG_WARN_DIRECT_OBJC_ISA_USAGE = YES_ERROR;
				CLANG_WARN_EMPTY_BODY = YES;
				CLANG_WARN_ENUM_CONVERSION = YES;
				CLANG_WARN_INT_CONVERSION = YES;
				CLANG_WARN_OBJC_ROOT_CLASS = YES_ERROR;
				CLANG_WARN__DUPLICATE_METHOD_MATCH = YES;
				"CODE_SIGN_IDENTITY[sdk=iphoneos*]" = "iPhone Developer";
				COPY_PHASE_STRIP = NO;
				GCC_C_LANGUAGE_STANDARD = gnu99;
				GCC_DYNAMIC_NO_PIC = NO;
				GCC_OPTIMIZATION_LEVEL = 0;
				GCC_PREPROCESSOR_DEFINITIONS = (
					"DEBUG=1",
					"$(inherited)",
				);
				GCC_SYMBOLS_PRIVATE_EXTERN = NO;
				GCC_WARN_64_TO_32_BIT_CONVERSION = YES;
				GCC_WARN_ABOUT_RETURN_TYPE = YES_ERROR;
				GCC_WARN_UNDECLARED_SELECTOR = YES;
				GCC_WARN_UNINITIALIZED_AUTOS = YES;
				GCC_WARN_UNUSED_FUNCTION = YES;
				GCC_WARN_UNUSED_VARIABLE = YES;
				IPHONEOS_DEPLOYMENT_TARGET = 7.0;
				ONLY_ACTIVE_ARCH = YES;
				SDKROOT = iphoneos;
				TARGETED_DEVICE_FAMILY = "1,2";
			};
			name = Debug;
		};
		AEA9B7CD183FC2760095705D /* Release */ = {
			isa = XCBuildConfiguration;
			buildSettings = {
				ALWAYS_SEARCH_USER_PATHS = NO;
				ARCHS = "$(ARCHS_STANDARD_INCLUDING_64_BIT)";
				CLANG_CXX_LANGUAGE_STANDARD = "gnu++0x";
				CLANG_CXX_LIBRARY = "libc++";
				CLANG_ENABLE_MODULES = YES;
				CLANG_ENABLE_OBJC_ARC = YES;
				CLANG_WARN_BOOL_CONVERSION = YES;
				CLANG_WARN_CONSTANT_CONVERSION = YES;
				CLANG_WARN_DIRECT_OBJC_ISA_USAGE = YES_ERROR;
				CLANG_WARN_EMPTY_BODY = YES;
				CLANG_WARN_ENUM_CONVERSION = YES;
				CLANG_WARN_INT_CONVERSION = YES;
				CLANG_WARN_OBJC_ROOT_CLASS = YES_ERROR;
				CLANG_WARN__DUPLICATE_METHOD_MATCH = YES;
				"CODE_SIGN_IDENTITY[sdk=iphoneos*]" = "iPhone Developer";
				COPY_PHASE_STRIP = YES;
				ENABLE_NS_ASSERTIONS = NO;
				GCC_C_LANGUAGE_STANDARD = gnu99;
				GCC_WARN_64_TO_32_BIT_CONVERSION = YES;
				GCC_WARN_ABOUT_RETURN_TYPE = YES_ERROR;
				GCC_WARN_UNDECLARED_SELECTOR = YES;
				GCC_WARN_UNINITIALIZED_AUTOS = YES;
				GCC_WARN_UNUSED_FUNCTION = YES;
				GCC_WARN_UNUSED_VARIABLE = YES;
				IPHONEOS_DEPLOYMENT_TARGET = 7.0;
				SDKROOT = iphoneos;
				TARGETED_DEVICE_FAMILY = "1,2";
				VALIDATE_PRODUCT = YES;
			};
			name = Release;
		};
		AEA9B7CF183FC2760095705D /* Debug */ = {
			isa = XCBuildConfiguration;
			buildSettings = {
				ASSETCATALOG_COMPILER_APPICON_NAME = AppIcon;
				ASSETCATALOG_COMPILER_LAUNCHIMAGE_NAME = LaunchImage;
				GCC_PRECOMPILE_PREFIX_HEADER = YES;
				GCC_PREFIX_HEADER = "CedarNavControllerBug/CedarNavControllerBug-Prefix.pch";
				INFOPLIST_FILE = "CedarNavControllerBug/CedarNavControllerBug-Info.plist";
				PRODUCT_NAME = "$(TARGET_NAME)";
				WRAPPER_EXTENSION = app;
			};
			name = Debug;
		};
		AEA9B7D0183FC2760095705D /* Release */ = {
			isa = XCBuildConfiguration;
			buildSettings = {
				ASSETCATALOG_COMPILER_APPICON_NAME = AppIcon;
				ASSETCATALOG_COMPILER_LAUNCHIMAGE_NAME = LaunchImage;
				GCC_PRECOMPILE_PREFIX_HEADER = YES;
				GCC_PREFIX_HEADER = "CedarNavControllerBug/CedarNavControllerBug-Prefix.pch";
				INFOPLIST_FILE = "CedarNavControllerBug/CedarNavControllerBug-Info.plist";
				PRODUCT_NAME = "$(TARGET_NAME)";
				WRAPPER_EXTENSION = app;
			};
			name = Release;
		};
		AEA9B7D2183FC2760095705D /* Debug */ = {
			isa = XCBuildConfiguration;
			buildSettings = {
				ARCHS = "$(ARCHS_STANDARD_INCLUDING_64_BIT)";
				BUNDLE_LOADER = "$(BUILT_PRODUCTS_DIR)/CedarNavControllerBug.app/CedarNavControllerBug";
				FRAMEWORK_SEARCH_PATHS = (
					"$(SDKROOT)/Developer/Library/Frameworks",
					"$(inherited)",
					"$(DEVELOPER_FRAMEWORKS_DIR)",
				);
				GCC_PRECOMPILE_PREFIX_HEADER = YES;
				GCC_PREFIX_HEADER = "CedarNavControllerBug/CedarNavControllerBug-Prefix.pch";
				GCC_PREPROCESSOR_DEFINITIONS = (
					"DEBUG=1",
					"$(inherited)",
				);
				INFOPLIST_FILE = "CedarNavControllerBugTests/CedarNavControllerBugTests-Info.plist";
				PRODUCT_NAME = "$(TARGET_NAME)";
				TEST_HOST = "$(BUNDLE_LOADER)";
				WRAPPER_EXTENSION = xctest;
			};
			name = Debug;
		};
		AEA9B7D3183FC2760095705D /* Release */ = {
			isa = XCBuildConfiguration;
			buildSettings = {
				ARCHS = "$(ARCHS_STANDARD_INCLUDING_64_BIT)";
				BUNDLE_LOADER = "$(BUILT_PRODUCTS_DIR)/CedarNavControllerBug.app/CedarNavControllerBug";
				FRAMEWORK_SEARCH_PATHS = (
					"$(SDKROOT)/Developer/Library/Frameworks",
					"$(inherited)",
					"$(DEVELOPER_FRAMEWORKS_DIR)",
				);
				GCC_PRECOMPILE_PREFIX_HEADER = YES;
				GCC_PREFIX_HEADER = "CedarNavControllerBug/CedarNavControllerBug-Prefix.pch";
				INFOPLIST_FILE = "CedarNavControllerBugTests/CedarNavControllerBugTests-Info.plist";
				PRODUCT_NAME = "$(TARGET_NAME)";
				TEST_HOST = "$(BUNDLE_LOADER)";
				WRAPPER_EXTENSION = xctest;
			};
			name = Release;
		};
		AEA9B80A183FC3530095705D /* Debug */ = {
			isa = XCBuildConfiguration;
			buildSettings = {
				ARCHS = "$(ARCHS_STANDARD_INCLUDING_64_BIT)";
				"CODE_SIGN_IDENTITY[sdk=iphoneos*]" = "iPhone Developer";
				FRAMEWORK_SEARCH_PATHS = (
					"$(inherited)",
					/Users/pivotal/workspace/CedarNavControllerBug/Specs/Frameworks,
				);
				GCC_PRECOMPILE_PREFIX_HEADER = YES;
				GCC_PREFIX_HEADER = "Specs/Specs-Prefix.pch";
				GCC_PREPROCESSOR_DEFINITIONS = (
					"DEBUG=1",
					"$(inherited)",
				);
				INFOPLIST_FILE = "Specs/Specs-Info.plist";
				OTHER_LDFLAGS = (
					"-ObjC",
					"-all_load",
					"-lstdc++",
				);
				PRODUCT_NAME = "$(TARGET_NAME)";
				WRAPPER_EXTENSION = app;
			};
			name = Debug;
		};
		AEA9B80B183FC3530095705D /* Release */ = {
			isa = XCBuildConfiguration;
			buildSettings = {
				ARCHS = "$(ARCHS_STANDARD_INCLUDING_64_BIT)";
				"CODE_SIGN_IDENTITY[sdk=iphoneos*]" = "iPhone Developer";
				FRAMEWORK_SEARCH_PATHS = (
					"$(inherited)",
					/Users/pivotal/workspace/CedarNavControllerBug/Specs/Frameworks,
				);
				GCC_PRECOMPILE_PREFIX_HEADER = YES;
				GCC_PREFIX_HEADER = "Specs/Specs-Prefix.pch";
				INFOPLIST_FILE = "Specs/Specs-Info.plist";
				OTHER_CFLAGS = "-DNS_BLOCK_ASSERTIONS=1";
				OTHER_LDFLAGS = (
					"-ObjC",
					"-all_load",
					"-lstdc++",
				);
				PRODUCT_NAME = "$(TARGET_NAME)";
				WRAPPER_EXTENSION = app;
			};
			name = Release;
		};
/* End XCBuildConfiguration section */

/* Begin XCConfigurationList section */
		AEA9B794183FC2760095705D /* Build configuration list for PBXProject "CedarNavControllerBug" */ = {
			isa = XCConfigurationList;
			buildConfigurations = (
				AEA9B7CC183FC2760095705D /* Debug */,
				AEA9B7CD183FC2760095705D /* Release */,
			);
			defaultConfigurationIsVisible = 0;
			defaultConfigurationName = Release;
		};
		AEA9B7CE183FC2760095705D /* Build configuration list for PBXNativeTarget "CedarNavControllerBug" */ = {
			isa = XCConfigurationList;
			buildConfigurations = (
				AEA9B7CF183FC2760095705D /* Debug */,
				AEA9B7D0183FC2760095705D /* Release */,
			);
			defaultConfigurationIsVisible = 0;
		};
		AEA9B7D1183FC2760095705D /* Build configuration list for PBXNativeTarget "CedarNavControllerBugTests" */ = {
			isa = XCConfigurationList;
			buildConfigurations = (
				AEA9B7D2183FC2760095705D /* Debug */,
				AEA9B7D3183FC2760095705D /* Release */,
			);
			defaultConfigurationIsVisible = 0;
		};
		AEA9B809183FC3530095705D /* Build configuration list for PBXNativeTarget "Specs" */ = {
			isa = XCConfigurationList;
			buildConfigurations = (
				AEA9B80A183FC3530095705D /* Debug */,
				AEA9B80B183FC3530095705D /* Release */,
			);
			defaultConfigurationIsVisible = 0;
		};
/* End XCConfigurationList section */
	};
	rootObject = AEA9B791183FC2760095705D /* Project object */;
}
